
Microsoft Visual Studio Solution File, Format Version 12.00
# Visual Studio 15
VisualStudioVersion = 15.0.28010.2016
MinimumVisualStudioVersion = 10.0.40219.1
Project("{FAE04EC0-301F-11D3-BF4B-00C04F79EFBC}") = "App7.Android", "App7\App7.Android\App7.Android.csproj", "{3F3557F5-813F-4F97-87B9-65813A5F4224}"
EndProject
Project("{FAE04EC0-301F-11D3-BF4B-00C04F79EFBC}") = "App7.iOS", "App7\App7.iOS\App7.iOS.csproj", "{32745DB7-3F4C-4EC7-A992-D36EA52148D0}"
EndProject
Project("{FAE04EC0-301F-11D3-BF4B-00C04F79EFBC}") = "App7", "App7\App7\App7.csproj", "{49CA5F1F-48C6-4B82-9B6D-5FF537F32B53}"
EndProject
Global
	GlobalSection(SolutionConfigurationPlatforms) = preSolution
		Ad-Hoc|Any CPU = Ad-Hoc|Any CPU
		Ad-Hoc|iPhone = Ad-Hoc|iPhone
		Ad-Hoc|iPhoneSimulator = Ad-Hoc|iPhoneSimulator
		AppStore|Any CPU = AppStore|Any CPU
		AppStore|iPhone = AppStore|iPhone
		AppStore|iPhoneSimulator = AppStore|iPhoneSimulator
		Debug|Any CPU = Debug|Any CPU
		Debug|iPhone = Debug|iPhone
		Debug|iPhoneSimulator = Debug|iPhoneSimulator
		Release|Any CPU = Release|Any CPU
		Release|iPhone = Release|iPhone
		Release|iPhoneSimulator = Release|iPhoneSimulator
	EndGlobalSection
	GlobalSection(ProjectConfigurationPlatforms) = postSolution
		{3F3557F5-813F-4F97-87B9-65813A5F4224}.Ad-Hoc|Any CPU.ActiveCfg = Release|Any CPU
		{3F3557F5-813F-4F97-87B9-65813A5F4224}.Ad-Hoc|Any CPU.Build.0 = Release|Any CPU
		{3F3557F5-813F-4F97-87B9-65813A5F4224}.Ad-Hoc|Any CPU.Deploy.0 = Release|Any CPU
		{3F3557F5-813F-4F97-87B9-65813A5F4224}.Ad-Hoc|iPhone.ActiveCfg = Release|Any CPU
		{3F3557F5-813F-4F97-87B9-65813A5F4224}.Ad-Hoc|iPhone.Build.0 = Release|Any CPU
		{3F3557F5-813F-4F97-87B9-65813A5F4224}.Ad-Hoc|iPhone.Deploy.0 = Release|Any CPU
		{3F3557F5-813F-4F97-87B9-65813A5F4224}.Ad-Hoc|iPhoneSimulator.ActiveCfg = Release|Any CPU
		{3F3557F5-813F-4F97-87B9-65813A5F4224}.Ad-Hoc|iPhoneSimulator.Build.0 = Release|Any CPU
		{3F3557F5-813F-4F97-87B9-65813A5F4224}.Ad-Hoc|iPhoneSimulator.Deploy.0 = Release|Any CPU
		{3F3557F5-813F-4F97-87B9-65813A5F4224}.AppStore|Any CPU.ActiveCfg = Release|Any CPU
		{3F3557F5-813F-4F97-87B9-65813A5F4224}.AppStore|Any CPU.Build.0 = Release|Any CPU
		{3F3557F5-813F-4F97-87B9-65813A5F4224}.AppStore|Any CPU.Deploy.0 = Release|Any CPU
		{3F3557F5-813F-4F97-87B9-65813A5F4224}.AppStore|iPhone.ActiveCfg = Release|Any CPU
		{3F3557F5-813F-4F97-87B9-65813A5F4224}.AppStore|iPhone.Build.0 = Release|Any CPU
		{3F3557F5-813F-4F97-87B9-65813A5F4224}.AppStore|iPhone.Deploy.0 = Release|Any CPU
		{3F3557F5-813F-4F97-87B9-65813A5F4224}.AppStore|iPhoneSimulator.ActiveCfg = Release|Any CPU
		{3F3557F5-813F-4F97-87B9-65813A5F4224}.AppStore|iPhoneSimulator.Build.0 = Release|Any CPU
		{3F3557F5-813F-4F97-87B9-65813A5F4224}.AppStore|iPhoneSimulator.Deploy.0 = Release|Any CPU
		{3F3557F5-813F-4F97-87B9-65813A5F4224}.Debug|Any CPU.ActiveCfg = Debug|Any CPU
		{3F3557F5-813F-4F97-87B9-65813A5F4224}.Debug|Any CPU.Build.0 = Debug|Any CPU
		{3F3557F5-813F-4F97-87B9-65813A5F4224}.Debug|Any CPU.Deploy.0 = Debug|Any CPU
		{3F3557F5-813F-4F97-87B9-65813A5F4224}.Debug|iPhone.ActiveCfg = Debug|Any CPU
		{3F3557F5-813F-4F97-87B9-65813A5F4224}.Debug|iPhone.Build.0 = Debug|Any CPU
		{3F3557F5-813F-4F97-87B9-65813A5F4224}.Debug|iPhone.Deploy.0 = Debug|Any CPU
		{3F3557F5-813F-4F97-87B9-65813A5F4224}.Debug|iPhoneSimulator.ActiveCfg = Debug|Any CPU
		{3F3557F5-813F-4F97-87B9-65813A5F4224}.Debug|iPhoneSimulator.Build.0 = Debug|Any CPU
		{3F3557F5-813F-4F97-87B9-65813A5F4224}.Debug|iPhoneSimulator.Deploy.0 = Debug|Any CPU
		{3F3557F5-813F-4F97-87B9-65813A5F4224}.Release|Any CPU.ActiveCfg = Release|Any CPU
		{3F3557F5-813F-4F97-87B9-65813A5F4224}.Release|Any CPU.Build.0 = Release|Any CPU
		{3F3557F5-813F-4F97-87B9-65813A5F4224}.Release|Any CPU.Deploy.0 = Release|Any CPU
		{3F3557F5-813F-4F97-87B9-65813A5F4224}.Release|iPhone.ActiveCfg = Release|Any CPU
		{3F3557F5-813F-4F97-87B9-65813A5F4224}.Release|iPhone.Build.0 = Release|Any CPU
		{3F3557F5-813F-4F97-87B9-65813A5F4224}.Release|iPhone.Deploy.0 = Release|Any CPU
		{3F3557F5-813F-4F97-87B9-65813A5F4224}.Release|iPhoneSimulator.ActiveCfg = Release|Any CPU
		{3F3557F5-813F-4F97-87B9-65813A5F4224}.Release|iPhoneSimulator.Build.0 = Release|Any CPU
		{3F3557F5-813F-4F97-87B9-65813A5F4224}.Release|iPhoneSimulator.Deploy.0 = Release|Any CPU
		{32745DB7-3F4C-4EC7-A992-D36EA52148D0}.Ad-Hoc|Any CPU.ActiveCfg = Ad-Hoc|iPhone
		{32745DB7-3F4C-4EC7-A992-D36EA52148D0}.Ad-Hoc|Any CPU.Build.0 = Ad-Hoc|iPhone
		{32745DB7-3F4C-4EC7-A992-D36EA52148D0}.Ad-Hoc|Any CPU.Deploy.0 = Ad-Hoc|iPhone
		{32745DB7-3F4C-4EC7-A992-D36EA52148D0}.Ad-Hoc|iPhone.ActiveCfg = Ad-Hoc|iPhone
		{32745DB7-3F4C-4EC7-A992-D36EA52148D0}.Ad-Hoc|iPhone.Build.0 = Ad-Hoc|iPhone
		{32745DB7-3F4C-4EC7-A992-D36EA52148D0}.Ad-Hoc|iPhone.Deploy.0 = Ad-Hoc|iPhone
		{32745DB7-3F4C-4EC7-A992-D36EA52148D0}.Ad-Hoc|iPhoneSimulator.ActiveCfg = Ad-Hoc|iPhoneSimulator
		{32745DB7-3F4C-4EC7-A992-D36EA52148D0}.Ad-Hoc|iPhoneSimulator.Build.0 = Ad-Hoc|iPhoneSimulator
		{32745DB7-3F4C-4EC7-A992-D36EA52148D0}.Ad-Hoc|iPhoneSimulator.Deploy.0 = Ad-Hoc|iPhoneSimulator
		{32745DB7-3F4C-4EC7-A992-D36EA52148D0}.AppStore|Any CPU.ActiveCfg = AppStore|iPhone
		{32745DB7-3F4C-4EC7-A992-D36EA52148D0}.AppStore|Any CPU.Build.0 = AppStore|iPhone
		{32745DB7-3F4C-4EC7-A992-D36EA52148D0}.AppStore|Any CPU.Deploy.0 = AppStore|iPhone
		{32745DB7-3F4C-4EC7-A992-D36EA52148D0}.AppStore|iPhone.ActiveCfg = AppStore|iPhone
		{32745DB7-3F4C-4EC7-A992-D36EA52148D0}.AppStore|iPhone.Build.0 = AppStore|iPhone
		{32745DB7-3F4C-4EC7-A992-D36EA52148D0}.AppStore|iPhone.Deploy.0 = AppStore|iPhone
		{32745DB7-3F4C-4EC7-A992-D36EA52148D0}.AppStore|iPhoneSimulator.ActiveCfg = AppStore|iPhoneSimulator
		{32745DB7-3F4C-4EC7-A992-D36EA52148D0}.AppStore|iPhoneSimulator.Build.0 = AppStore|iPhoneSimulator
		{32745DB7-3F4C-4EC7-A992-D36EA52148D0}.AppStore|iPhoneSimulator.Deploy.0 = AppStore|iPhoneSimulator
		{32745DB7-3F4C-4EC7-A992-D36EA52148D0}.Debug|Any CPU.ActiveCfg = Debug|iPhoneSimulator
		{32745DB7-3F4C-4EC7-A992-D36EA52148D0}.Debug|Any CPU.Build.0 = Debug|iPhoneSimulator
		{32745DB7-3F4C-4EC7-A992-D36EA52148D0}.Debug|Any CPU.Deploy.0 = Debug|iPhoneSimulator
		{32745DB7-3F4C-4EC7-A992-D36EA52148D0}.Debug|iPhone.ActiveCfg = Debug|iPhone
		{32745DB7-3F4C-4EC7-A992-D36EA52148D0}.Debug|iPhone.Build.0 = Debug|iPhone
		{32745DB7-3F4C-4EC7-A992-D36EA52148D0}.Debug|iPhone.Deploy.0 = Debug|iPhone
		{32745DB7-3F4C-4EC7-A992-D36EA52148D0}.Debug|iPhoneSimulator.ActiveCfg = Debug|iPhoneSimulator
		{32745DB7-3F4C-4EC7-A992-D36EA52148D0}.Debug|iPhoneSimulator.Build.0 = Debug|iPhoneSimulator
		{32745DB7-3F4C-4EC7-A992-D36EA52148D0}.Debug|iPhoneSimulator.Deploy.0 = Debug|iPhoneSimulator
		{32745DB7-3F4C-4EC7-A992-D36EA52148D0}.Release|Any CPU.ActiveCfg = Release|iPhone
		{32745DB7-3F4C-4EC7-A992-D36EA52148D0}.Release|Any CPU.Build.0 = Release|iPhone
		{32745DB7-3F4C-4EC7-A992-D36EA52148D0}.Release|Any CPU.Deploy.0 = Release|iPhone
		{32745DB7-3F4C-4EC7-A992-D36EA52148D0}.Release|iPhone.ActiveCfg = Release|iPhone
		{32745DB7-3F4C-4EC7-A992-D36EA52148D0}.Release|iPhone.Build.0 = Release|iPhone
		{32745DB7-3F4C-4EC7-A992-D36EA52148D0}.Release|iPhone.Deploy.0 = Release|iPhone
		{32745DB7-3F4C-4EC7-A992-D36EA52148D0}.Release|iPhoneSimulator.ActiveCfg = Release|iPhoneSimulator
		{32745DB7-3F4C-4EC7-A992-D36EA52148D0}.Release|iPhoneSimulator.Build.0 = Release|iPhoneSimulator
		{32745DB7-3F4C-4EC7-A992-D36EA52148D0}.Release|iPhoneSimulator.Deploy.0 = Release|iPhoneSimulator
		{49CA5F1F-48C6-4B82-9B6D-5FF537F32B53}.Ad-Hoc|Any CPU.ActiveCfg = Debug|Any CPU
		{49CA5F1F-48C6-4B82-9B6D-5FF537F32B53}.Ad-Hoc|Any CPU.Build.0 = Debug|Any CPU
		{49CA5F1F-48C6-4B82-9B6D-5FF537F32B53}.Ad-Hoc|Any CPU.Deploy.0 = Debug|Any CPU
		{49CA5F1F-48C6-4B82-9B6D-5FF537F32B53}.Ad-Hoc|iPhone.ActiveCfg = Debug|Any CPU
		{49CA5F1F-48C6-4B82-9B6D-5FF537F32B53}.Ad-Hoc|iPhone.Build.0 = Debug|Any CPU
		{49CA5F1F-48C6-4B82-9B6D-5FF537F32B53}.Ad-Hoc|iPhone.Deploy.0 = Debug|Any CPU
		{49CA5F1F-48C6-4B82-9B6D-5FF537F32B53}.Ad-Hoc|iPhoneSimulator.ActiveCfg = Debug|Any CPU
		{49CA5F1F-48C6-4B82-9B6D-5FF537F32B53}.Ad-Hoc|iPhoneSimulator.Build.0 = Debug|Any CPU
		{49CA5F1F-48C6-4B82-9B6D-5FF537F32B53}.Ad-Hoc|iPhoneSimulator.Deploy.0 = Debug|Any CPU
		{49CA5F1F-48C6-4B82-9B6D-5FF537F32B53}.AppStore|Any CPU.ActiveCfg = Debug|Any CPU
		{49CA5F1F-48C6-4B82-9B6D-5FF537F32B53}.AppStore|Any CPU.Build.0 = Debug|Any CPU
		{49CA5F1F-48C6-4B82-9B6D-5FF537F32B53}.AppStore|Any CPU.Deploy.0 = Debug|Any CPU
		{49CA5F1F-48C6-4B82-9B6D-5FF537F32B53}.AppStore|iPhone.ActiveCfg = Debug|Any CPU
		{49CA5F1F-48C6-4B82-9B6D-5FF537F32B53}.AppStore|iPhone.Build.0 = Debug|Any CPU
		{49CA5F1F-48C6-4B82-9B6D-5FF537F32B53}.AppStore|iPhone.Deploy.0 = Debug|Any CPU
		{49CA5F1F-48C6-4B82-9B6D-5FF537F32B53}.AppStore|iPhoneSimulator.ActiveCfg = Debug|Any CPU
		{49CA5F1F-48C6-4B82-9B6D-5FF537F32B53}.AppStore|iPhoneSimulator.Build.0 = Debug|Any CPU
		{49CA5F1F-48C6-4B82-9B6D-5FF537F32B53}.AppStore|iPhoneSimulator.Deploy.0 = Debug|Any CPU
		{49CA5F1F-48C6-4B82-9B6D-5FF537F32B53}.Debug|Any CPU.ActiveCfg = Debug|Any CPU
		{49CA5F1F-48C6-4B82-9B6D-5FF537F32B53}.Debug|Any CPU.Build.0 = Debug|Any CPU
		{49CA5F1F-48C6-4B82-9B6D-5FF537F32B53}.Debug|Any CPU.Deploy.0 = Debug|Any CPU
		{49CA5F1F-48C6-4B82-9B6D-5FF537F32B53}.Debug|iPhone.ActiveCfg = Debug|Any CPU
		{49CA5F1F-48C6-4B82-9B6D-5FF537F32B53}.Debug|iPhone.Build.0 = Debug|Any CPU
		{49CA5F1F-48C6-4B82-9B6D-5FF537F32B53}.Debug|iPhone.Deploy.0 = Debug|Any CPU
		{49CA5F1F-48C6-4B82-9B6D-5FF537F32B53}.Debug|iPhoneSimulator.ActiveCfg = Debug|Any CPU
		{49CA5F1F-48C6-4B82-9B6D-5FF537F32B53}.Debug|iPhoneSimulator.Build.0 = Debug|Any CPU
		{49CA5F1F-48C6-4B82-9B6D-5FF537F32B53}.Debug|iPhoneSimulator.Deploy.0 = Debug|Any CPU
		{49CA5F1F-48C6-4B82-9B6D-5FF537F32B53}.Release|Any CPU.ActiveCfg = Release|Any CPU
		{49CA5F1F-48C6-4B82-9B6D-5FF537F32B53}.Release|Any CPU.Build.0 = Release|Any CPU
		{49CA5F1F-48C6-4B82-9B6D-5FF537F32B53}.Release|Any CPU.Deploy.0 = Release|Any CPU
		{49CA5F1F-48C6-4B82-9B6D-5FF537F32B53}.Release|iPhone.ActiveCfg = Release|Any CPU
		{49CA5F1F-48C6-4B82-9B6D-5FF537F32B53}.Release|iPhone.Build.0 = Release|Any CPU
		{49CA5F1F-48C6-4B82-9B6D-5FF537F32B53}.Release|iPhone.Deploy.0 = Release|Any CPU
		{49CA5F1F-48C6-4B82-9B6D-5FF537F32B53}.Release|iPhoneSimulator.ActiveCfg = Release|Any CPU
		{49CA5F1F-48C6-4B82-9B6D-5FF537F32B53}.Release|iPhoneSimulator.Build.0 = Release|Any CPU
		{49CA5F1F-48C6-4B82-9B6D-5FF537F32B53}.Release|iPhoneSimulator.Deploy.0 = Release|Any CPU
	EndGlobalSection
	GlobalSection(SolutionProperties) = preSolution
		HideSolutionNode = FALSE
	EndGlobalSection
	GlobalSection(ExtensibilityGlobals) = postSolution
		SolutionGuid = {FBFAEB01-E168-4087-A055-13D7280A9717}
	EndGlobalSection
EndGlobal
